
Microsoft Visual Studio Solution File, Format Version 9.00
# Visual Studio 2005
Project("{8BC9CEB8-8B4A-11D0-8D11-00A0C91BC942}") = "MfcTestRunnerApp", "source\runner\mfc\vs2005\MfcTestRunnerApp.vcproj", "{1C88A886-E073-4C6D-81E7-F5A0D34D717E}"
	ProjectSection(ProjectDependencies) = postProject
		{178C4522-EF70-4DC3-8CEC-2BF14AD7230C} = {178C4522-EF70-4DC3-8CEC-2BF14AD7230C}
	EndProjectSection
EndProject
Project("{8BC9CEB8-8B4A-11D0-8D11-00A0C91BC942}") = "cutest", "source\third_party\cutest\vs2005\cutest.vcproj", "{178C4522-EF70-4DC3-8CEC-2BF14AD7230C}"
EndProject
Project("{8BC9CEB8-8B4A-11D0-8D11-00A0C91BC942}") = "hierarchy", "source\test\hierarchy\vs2005\hierarchy.vcproj", "{524E8623-40D2-4DE7-AD36-8250A6832E18}"
	ProjectSection(ProjectDependencies) = postProject
		{178C4522-EF70-4DC3-8CEC-2BF14AD7230C} = {178C4522-EF70-4DC3-8CEC-2BF14AD7230C}
	EndProjectSection
EndProject
Project("{2150E333-8FDC-42A3-9474-1A3956D46DE8}") = "cppunit examples", "cppunit examples", "{8F960F91-9BF5-477E-AFBF-27DE0BEAA56A}"
EndProject
Project("{8BC9CEB8-8B4A-11D0-8D11-00A0C91BC942}") = "money", "source\test\money\vs2005\money.vcproj", "{BF284D0B-FE64-4EF2-8C36-E6E38F5E6DDB}"
	ProjectSection(ProjectDependencies) = postProject
		{178C4522-EF70-4DC3-8CEC-2BF14AD7230C} = {178C4522-EF70-4DC3-8CEC-2BF14AD7230C}
	EndProjectSection
EndProject
Project("{8BC9CEB8-8B4A-11D0-8D11-00A0C91BC942}") = "simple", "source\test\simple\vs2005\simple.vcproj", "{3C1633CC-8333-44D2-8A67-BD4AC56E78D1}"
	ProjectSection(ProjectDependencies) = postProject
		{178C4522-EF70-4DC3-8CEC-2BF14AD7230C} = {178C4522-EF70-4DC3-8CEC-2BF14AD7230C}
	EndProjectSection
EndProject
Project("{2150E333-8FDC-42A3-9474-1A3956D46DE8}") = "cutest sample", "cutest sample", "{42F5DBA7-DA4A-40BF-806E-392B2C07D8AF}"
EndProject
Project("{8BC9CEB8-8B4A-11D0-8D11-00A0C91BC942}") = "ExplicitEndTest", "source\test\ExplicitEndTest\vs2005\ExplicitEndTest.vcproj", "{96450E17-BB80-4EF6-87AF-A95A65D21146}"
	ProjectSection(ProjectDependencies) = postProject
		{178C4522-EF70-4DC3-8CEC-2BF14AD7230C} = {178C4522-EF70-4DC3-8CEC-2BF14AD7230C}
	EndProjectSection
EndProject
Project("{2150E333-8FDC-42A3-9474-1A3956D46DE8}") = "gtest samples", "gtest samples", "{909BDA31-3E01-40F2-B2C0-5DB91D4C896C}"
EndProject
Project("{8BC9CEB8-8B4A-11D0-8D11-00A0C91BC942}") = "sample1", "source\test\sample1\vs2005\sample1.vcproj", "{9FD9D394-CB84-48D6-A18B-CFAA59DC72B9}"
	ProjectSection(ProjectDependencies) = postProject
		{178C4522-EF70-4DC3-8CEC-2BF14AD7230C} = {178C4522-EF70-4DC3-8CEC-2BF14AD7230C}
	EndProjectSection
EndProject
Project("{8BC9CEB8-8B4A-11D0-8D11-00A0C91BC942}") = "sample2", "source\test\sample2\vs2005\sample2.vcproj", "{F5F1A611-4DAA-4A00-B705-3FEFE5F76AE0}"
	ProjectSection(ProjectDependencies) = postProject
		{178C4522-EF70-4DC3-8CEC-2BF14AD7230C} = {178C4522-EF70-4DC3-8CEC-2BF14AD7230C}
	EndProjectSection
EndProject
Project("{8BC9CEB8-8B4A-11D0-8D11-00A0C91BC942}") = "sample3", "source\test\sample3\vs2005\sample3.vcproj", "{74EDD284-69B0-4307-A77A-3C33D3D03115}"
	ProjectSection(ProjectDependencies) = postProject
		{178C4522-EF70-4DC3-8CEC-2BF14AD7230C} = {178C4522-EF70-4DC3-8CEC-2BF14AD7230C}
	EndProjectSection
EndProject
Project("{8BC9CEB8-8B4A-11D0-8D11-00A0C91BC942}") = "sample4", "source\test\sample4\vs2005\sample4.vcproj", "{820F4DBC-A25C-4493-A654-EF14EA432A8C}"
	ProjectSection(ProjectDependencies) = postProject
		{178C4522-EF70-4DC3-8CEC-2BF14AD7230C} = {178C4522-EF70-4DC3-8CEC-2BF14AD7230C}
	EndProjectSection
EndProject
Project("{8BC9CEB8-8B4A-11D0-8D11-00A0C91BC942}") = "sample5", "source\test\sample5\vs2005\sample5.vcproj", "{DD777815-8730-4957-8895-BA626B9D29A4}"
	ProjectSection(ProjectDependencies) = postProject
		{178C4522-EF70-4DC3-8CEC-2BF14AD7230C} = {178C4522-EF70-4DC3-8CEC-2BF14AD7230C}
	EndProjectSection
EndProject
Project("{2150E333-8FDC-42A3-9474-1A3956D46DE8}") = "gmock test", "gmock test", "{371E97B5-850C-4FB0-8873-13A78F6B08A4}"
EndProject
Project("{8BC9CEB8-8B4A-11D0-8D11-00A0C91BC942}") = "ForDummies", "source\test\ForDummies\vs2005\ForDummies.vcproj", "{AD5C4154-BDB2-40A3-893F-EA8AE5220102}"
	ProjectSection(ProjectDependencies) = postProject
		{178C4522-EF70-4DC3-8CEC-2BF14AD7230C} = {178C4522-EF70-4DC3-8CEC-2BF14AD7230C}
	EndProjectSection
EndProject
Global
	GlobalSection(SolutionConfigurationPlatforms) = preSolution
		Debug|Win32 = Debug|Win32
		Release|Win32 = Release|Win32
	EndGlobalSection
	GlobalSection(ProjectConfigurationPlatforms) = postSolution
		{1C88A886-E073-4C6D-81E7-F5A0D34D717E}.Debug|Win32.ActiveCfg = Debug|Win32
		{1C88A886-E073-4C6D-81E7-F5A0D34D717E}.Debug|Win32.Build.0 = Debug|Win32
		{1C88A886-E073-4C6D-81E7-F5A0D34D717E}.Release|Win32.ActiveCfg = Release|Win32
		{1C88A886-E073-4C6D-81E7-F5A0D34D717E}.Release|Win32.Build.0 = Release|Win32
		{178C4522-EF70-4DC3-8CEC-2BF14AD7230C}.Debug|Win32.ActiveCfg = Debug|Win32
		{178C4522-EF70-4DC3-8CEC-2BF14AD7230C}.Debug|Win32.Build.0 = Debug|Win32
		{178C4522-EF70-4DC3-8CEC-2BF14AD7230C}.Release|Win32.ActiveCfg = Release|Win32
		{178C4522-EF70-4DC3-8CEC-2BF14AD7230C}.Release|Win32.Build.0 = Release|Win32		
		{524E8623-40D2-4DE7-AD36-8250A6832E18}.Debug|Win32.ActiveCfg = Debug|Win32
		{524E8623-40D2-4DE7-AD36-8250A6832E18}.Debug|Win32.Build.0 = Debug|Win32
		{524E8623-40D2-4DE7-AD36-8250A6832E18}.Release|Win32.ActiveCfg = Release|Win32
		{524E8623-40D2-4DE7-AD36-8250A6832E18}.Release|Win32.Build.0 = Release|Win32
		{BF284D0B-FE64-4EF2-8C36-E6E38F5E6DDB}.Debug|Win32.ActiveCfg = Debug|Win32
		{BF284D0B-FE64-4EF2-8C36-E6E38F5E6DDB}.Debug|Win32.Build.0 = Debug|Win32
		{BF284D0B-FE64-4EF2-8C36-E6E38F5E6DDB}.Release|Win32.ActiveCfg = Release|Win32
		{BF284D0B-FE64-4EF2-8C36-E6E38F5E6DDB}.Release|Win32.Build.0 = Release|Win32
		{3C1633CC-8333-44D2-8A67-BD4AC56E78D1}.Debug|Win32.ActiveCfg = Debug|Win32
		{3C1633CC-8333-44D2-8A67-BD4AC56E78D1}.Debug|Win32.Build.0 = Debug|Win32
		{3C1633CC-8333-44D2-8A67-BD4AC56E78D1}.Release|Win32.ActiveCfg = Release|Win32
		{3C1633CC-8333-44D2-8A67-BD4AC56E78D1}.Release|Win32.Build.0 = Release|Win32
		{96450E17-BB80-4EF6-87AF-A95A65D21146}.Debug|Win32.ActiveCfg = Debug|Win32
		{96450E17-BB80-4EF6-87AF-A95A65D21146}.Debug|Win32.Build.0 = Debug|Win32
		{96450E17-BB80-4EF6-87AF-A95A65D21146}.Release|Win32.ActiveCfg = Release|Win32
		{96450E17-BB80-4EF6-87AF-A95A65D21146}.Release|Win32.Build.0 = Release|Win32
		{9FD9D394-CB84-48D6-A18B-CFAA59DC72B9}.Debug|Win32.ActiveCfg = Debug|Win32
		{9FD9D394-CB84-48D6-A18B-CFAA59DC72B9}.Debug|Win32.Build.0 = Debug|Win32
		{9FD9D394-CB84-48D6-A18B-CFAA59DC72B9}.Release|Win32.ActiveCfg = Release|Win32
		{9FD9D394-CB84-48D6-A18B-CFAA59DC72B9}.Release|Win32.Build.0 = Release|Win32
		{F5F1A611-4DAA-4A00-B705-3FEFE5F76AE0}.Debug|Win32.ActiveCfg = Debug|Win32
		{F5F1A611-4DAA-4A00-B705-3FEFE5F76AE0}.Debug|Win32.Build.0 = Debug|Win32
		{F5F1A611-4DAA-4A00-B705-3FEFE5F76AE0}.Release|Win32.ActiveCfg = Release|Win32
		{F5F1A611-4DAA-4A00-B705-3FEFE5F76AE0}.Release|Win32.Build.0 = Release|Win32
		{74EDD284-69B0-4307-A77A-3C33D3D03115}.Debug|Win32.ActiveCfg = Debug|Win32
		{74EDD284-69B0-4307-A77A-3C33D3D03115}.Debug|Win32.Build.0 = Debug|Win32
		{74EDD284-69B0-4307-A77A-3C33D3D03115}.Release|Win32.ActiveCfg = Release|Win32
		{74EDD284-69B0-4307-A77A-3C33D3D03115}.Release|Win32.Build.0 = Release|Win32
		{820F4DBC-A25C-4493-A654-EF14EA432A8C}.Debug|Win32.ActiveCfg = Debug|Win32
		{820F4DBC-A25C-4493-A654-EF14EA432A8C}.Debug|Win32.Build.0 = Debug|Win32
		{820F4DBC-A25C-4493-A654-EF14EA432A8C}.Release|Win32.ActiveCfg = Release|Win32
		{820F4DBC-A25C-4493-A654-EF14EA432A8C}.Release|Win32.Build.0 = Release|Win32
		{DD777815-8730-4957-8895-BA626B9D29A4}.Debug|Win32.ActiveCfg = Debug|Win32
		{DD777815-8730-4957-8895-BA626B9D29A4}.Debug|Win32.Build.0 = Debug|Win32
		{DD777815-8730-4957-8895-BA626B9D29A4}.Release|Win32.ActiveCfg = Release|Win32
		{DD777815-8730-4957-8895-BA626B9D29A4}.Release|Win32.Build.0 = Release|Win32
		{AD5C4154-BDB2-40A3-893F-EA8AE5220102}.Debug|Win32.ActiveCfg = Debug|Win32
		{AD5C4154-BDB2-40A3-893F-EA8AE5220102}.Debug|Win32.Build.0 = Debug|Win32
		{AD5C4154-BDB2-40A3-893F-EA8AE5220102}.Release|Win32.ActiveCfg = Release|Win32
		{AD5C4154-BDB2-40A3-893F-EA8AE5220102}.Release|Win32.Build.0 = Release|Win32
	EndGlobalSection
	GlobalSection(SolutionProperties) = preSolution
		HideSolutionNode = FALSE
	EndGlobalSection
	GlobalSection(NestedProjects) = preSolution
		{524E8623-40D2-4DE7-AD36-8250A6832E18} = {8F960F91-9BF5-477E-AFBF-27DE0BEAA56A}
		{BF284D0B-FE64-4EF2-8C36-E6E38F5E6DDB} = {8F960F91-9BF5-477E-AFBF-27DE0BEAA56A}
		{3C1633CC-8333-44D2-8A67-BD4AC56E78D1} = {8F960F91-9BF5-477E-AFBF-27DE0BEAA56A}
		{96450E17-BB80-4EF6-87AF-A95A65D21146} = {42F5DBA7-DA4A-40BF-806E-392B2C07D8AF}
		{9FD9D394-CB84-48D6-A18B-CFAA59DC72B9} = {909BDA31-3E01-40F2-B2C0-5DB91D4C896C}
		{F5F1A611-4DAA-4A00-B705-3FEFE5F76AE0} = {909BDA31-3E01-40F2-B2C0-5DB91D4C896C}
		{74EDD284-69B0-4307-A77A-3C33D3D03115} = {909BDA31-3E01-40F2-B2C0-5DB91D4C896C}
		{820F4DBC-A25C-4493-A654-EF14EA432A8C} = {909BDA31-3E01-40F2-B2C0-5DB91D4C896C}
		{DD777815-8730-4957-8895-BA626B9D29A4} = {909BDA31-3E01-40F2-B2C0-5DB91D4C896C}
		{AD5C4154-BDB2-40A3-893F-EA8AE5220102} = {371E97B5-850C-4FB0-8873-13A78F6B08A4}
	EndGlobalSection
EndGlobal
