
Microsoft Visual Studio Solution File, Format Version 12.00
# Visual Studio 14
VisualStudioVersion = 14.0.25420.1
MinimumVisualStudioVersion = 10.0.40219.1
Project("{8BC9CEB8-8B4A-11D0-8D11-00A0C91BC942}") = "MfcUiTestRunner", "source\runner\mfc\vs2015\mfc_ui_test_runner.vcxproj", "{AABD35C3-3F4F-4CCC-AFF9-201605302224}"
	ProjectSection(ProjectDependencies) = postProject
		{185FF715-C691-49B9-B83F-D54649575FD2} = {185FF715-C691-49B9-B83F-D54649575FD2}
	EndProjectSection
EndProject
Project("{8BC9CEB8-8B4A-11D0-8D11-00A0C91BC942}") = "sample1", "source\test\sample1\vs2015\sample1.vcxproj", "{94FF9C1C-2C36-4BBB-9E99-F59F493889A6}"
	ProjectSection(ProjectDependencies) = postProject
		{185FF715-C691-49B9-B83F-D54649575FD2} = {185FF715-C691-49B9-B83F-D54649575FD2}
	EndProjectSection
EndProject
Project("{8BC9CEB8-8B4A-11D0-8D11-00A0C91BC942}") = "sample2", "source\test\sample2\vs2015\sample2.vcxproj", "{B2D2C6AD-B4B3-43A5-A6E6-D200214CF466}"
	ProjectSection(ProjectDependencies) = postProject
		{185FF715-C691-49B9-B83F-D54649575FD2} = {185FF715-C691-49B9-B83F-D54649575FD2}
	EndProjectSection
EndProject
Project("{8BC9CEB8-8B4A-11D0-8D11-00A0C91BC942}") = "sample3", "source\test\sample3\vs2015\sample3.vcxproj", "{91578CB5-72F9-403E-BFE1-088C87090FC4}"
	ProjectSection(ProjectDependencies) = postProject
		{185FF715-C691-49B9-B83F-D54649575FD2} = {185FF715-C691-49B9-B83F-D54649575FD2}
	EndProjectSection
EndProject
Project("{8BC9CEB8-8B4A-11D0-8D11-00A0C91BC942}") = "sample4", "source\test\sample4\vs2015\sample4.vcxproj", "{698D1F62-64D7-4783-ABCE-365FF41C15AD}"
	ProjectSection(ProjectDependencies) = postProject
		{185FF715-C691-49B9-B83F-D54649575FD2} = {185FF715-C691-49B9-B83F-D54649575FD2}
	EndProjectSection
EndProject
Project("{8BC9CEB8-8B4A-11D0-8D11-00A0C91BC942}") = "sample5", "source\test\sample5\vs2015\sample5.vcxproj", "{BDEB8E3F-95F0-49EE-A507-10A6554DD975}"
	ProjectSection(ProjectDependencies) = postProject
		{185FF715-C691-49B9-B83F-D54649575FD2} = {185FF715-C691-49B9-B83F-D54649575FD2}
	EndProjectSection
EndProject
Project("{8BC9CEB8-8B4A-11D0-8D11-00A0C91BC942}") = "cutest", "source\third_party\cutest\vs2015\cutest.vcxproj", "{185FF715-C691-49B9-B83F-D54649575FD2}"
EndProject
Project("{2150E333-8FDC-42A3-9474-1A3956D46DE8}") = "gtest samples", "gtest samples", "{1AC02CA7-95AB-46C2-8D2E-23D44554C95A}"
EndProject
Project("{2150E333-8FDC-42A3-9474-1A3956D46DE8}") = "cppunit examples", "cppunit examples", "{5C0EEC54-66EC-4512-A876-A225C0A6773D}"
EndProject
Project("{8BC9CEB8-8B4A-11D0-8D11-00A0C91BC942}") = "hierarchy", "source\test\hierarchy\vs2015\hierarchy.vcxproj", "{224167A4-B0E1-4C5B-9CD2-601F682299D2}"
	ProjectSection(ProjectDependencies) = postProject
		{185FF715-C691-49B9-B83F-D54649575FD2} = {185FF715-C691-49B9-B83F-D54649575FD2}
	EndProjectSection
EndProject
Project("{8BC9CEB8-8B4A-11D0-8D11-00A0C91BC942}") = "money", "source\test\money\vs2015\money.vcxproj", "{BA564E92-4FAE-4980-AA42-F27B0EFBD1BB}"
	ProjectSection(ProjectDependencies) = postProject
		{185FF715-C691-49B9-B83F-D54649575FD2} = {185FF715-C691-49B9-B83F-D54649575FD2}
	EndProjectSection
EndProject
Project("{8BC9CEB8-8B4A-11D0-8D11-00A0C91BC942}") = "simple", "source\test\simple\vs2015\simple.vcxproj", "{CA03A5A2-B878-43FC-B1BA-A9ECD07602E5}"
	ProjectSection(ProjectDependencies) = postProject
		{185FF715-C691-49B9-B83F-D54649575FD2} = {185FF715-C691-49B9-B83F-D54649575FD2}
	EndProjectSection
EndProject
Project("{2150E333-8FDC-42A3-9474-1A3956D46DE8}") = "cutest sample", "cutest sample", "{856CA41F-F788-4354-8B9A-706BA3A814BB}"
EndProject
Project("{8BC9CEB8-8B4A-11D0-8D11-00A0C91BC942}") = "explicit_end_test", "source\test\explicit_end_test\vs2015\explicit_end_test.vcxproj", "{3C942903-D4E0-427C-B4B3-AF42D322B9B2}"
	ProjectSection(ProjectDependencies) = postProject
		{185FF715-C691-49B9-B83F-D54649575FD2} = {185FF715-C691-49B9-B83F-D54649575FD2}
	EndProjectSection
EndProject
Project("{8BC9CEB8-8B4A-11D0-8D11-00A0C91BC942}") = "WtlTestRunnerApp", "source\runner\wtl\vs2015\WtlTestRunnerApp.vcxproj", "{8B05EED0-F09F-46EF-9B91-F2AFFC9882BB}"
EndProject
Project("{2150E333-8FDC-42A3-9474-1A3956D46DE8}") = "runner", "runner", "{F7A2B854-AC96-4EE5-A4BA-FB65424F5163}"
EndProject
Project("{2150E333-8FDC-42A3-9474-1A3956D46DE8}") = "gmock test", "gmock test", "{AF7EFBD7-0FEA-4675-B7B8-0854A4C17135}"
EndProject
Project("{8BC9CEB8-8B4A-11D0-8D11-00A0C91BC942}") = "ForDummies", "source\test\for_dummies\vs2015\for_dummies.vcxproj", "{333812E0-7B4C-4F4E-8D7A-F8939804B746}"
	ProjectSection(ProjectDependencies) = postProject
		{185FF715-C691-49B9-B83F-D54649575FD2} = {185FF715-C691-49B9-B83F-D54649575FD2}
	EndProjectSection
EndProject
Project("{8BC9CEB8-8B4A-11D0-8D11-00A0C91BC942}") = "GMockPlus", "source\third_party\GMockPlus\vs2015\GMockPlus.vcxproj", "{E681DEF8-DB9B-4C46-B658-8A7C3FC62AA2}"
	ProjectSection(ProjectDependencies) = postProject
		{185FF715-C691-49B9-B83F-D54649575FD2} = {185FF715-C691-49B9-B83F-D54649575FD2}
	EndProjectSection
EndProject
Project("{8BC9CEB8-8B4A-11D0-8D11-00A0C91BC942}") = "GMockPlusDemo", "source\test\GMockPlusDemo\vs2015\GMockPlusDemo.vcxproj", "{F9D08AE3-B629-4E9C-B86E-337DF04CD42F}"
	ProjectSection(ProjectDependencies) = postProject
		{185FF715-C691-49B9-B83F-D54649575FD2} = {185FF715-C691-49B9-B83F-D54649575FD2}
		{E681DEF8-DB9B-4C46-B658-8A7C3FC62AA2} = {E681DEF8-DB9B-4C46-B658-8A7C3FC62AA2}
	EndProjectSection
EndProject
Project("{8BC9CEB8-8B4A-11D0-8D11-00A0C91BC942}") = "ConsoleTestRunner", "source\runner\console\vs2015\console_test_runner.vcxproj", "{8456CB77-72B0-454A-B20A-180759EBCE5E}"
	ProjectSection(ProjectDependencies) = postProject
		{185FF715-C691-49B9-B83F-D54649575FD2} = {185FF715-C691-49B9-B83F-D54649575FD2}
	EndProjectSection
EndProject
Project("{8BC9CEB8-8B4A-11D0-8D11-00A0C91BC942}") = "MfcDialogTest", "source\test\mfc_dialog_test\vs2015\mfc_dialog_test.vcxproj", "{1436541D-F94D-4458-855E-8A2453A5CC39}"
	ProjectSection(ProjectDependencies) = postProject
		{185FF715-C691-49B9-B83F-D54649575FD2} = {185FF715-C691-49B9-B83F-D54649575FD2}
	EndProjectSection
EndProject
Global
	GlobalSection(SolutionConfigurationPlatforms) = preSolution
		Debug|Win32 = Debug|Win32
		Debug|x64 = Debug|x64
		Release|Win32 = Release|Win32
		Release|x64 = Release|x64
	EndGlobalSection
	GlobalSection(ProjectConfigurationPlatforms) = postSolution
		{AABD35C3-3F4F-4CCC-AFF9-201605302224}.Debug|Win32.ActiveCfg = Debug|Win32
		{AABD35C3-3F4F-4CCC-AFF9-201605302224}.Debug|Win32.Build.0 = Debug|Win32
		{AABD35C3-3F4F-4CCC-AFF9-201605302224}.Debug|x64.ActiveCfg = Debug|x64
		{AABD35C3-3F4F-4CCC-AFF9-201605302224}.Debug|x64.Build.0 = Debug|x64
		{AABD35C3-3F4F-4CCC-AFF9-201605302224}.Release|Win32.ActiveCfg = Release|Win32
		{AABD35C3-3F4F-4CCC-AFF9-201605302224}.Release|Win32.Build.0 = Release|Win32
		{AABD35C3-3F4F-4CCC-AFF9-201605302224}.Release|x64.ActiveCfg = Release|x64
		{AABD35C3-3F4F-4CCC-AFF9-201605302224}.Release|x64.Build.0 = Release|x64
		{94FF9C1C-2C36-4BBB-9E99-F59F493889A6}.Debug|Win32.ActiveCfg = Debug|Win32
		{94FF9C1C-2C36-4BBB-9E99-F59F493889A6}.Debug|Win32.Build.0 = Debug|Win32
		{94FF9C1C-2C36-4BBB-9E99-F59F493889A6}.Debug|x64.ActiveCfg = Debug|x64
		{94FF9C1C-2C36-4BBB-9E99-F59F493889A6}.Debug|x64.Build.0 = Debug|x64
		{94FF9C1C-2C36-4BBB-9E99-F59F493889A6}.Release|Win32.ActiveCfg = Release|Win32
		{94FF9C1C-2C36-4BBB-9E99-F59F493889A6}.Release|Win32.Build.0 = Release|Win32
		{94FF9C1C-2C36-4BBB-9E99-F59F493889A6}.Release|x64.ActiveCfg = Release|x64
		{94FF9C1C-2C36-4BBB-9E99-F59F493889A6}.Release|x64.Build.0 = Release|x64
		{B2D2C6AD-B4B3-43A5-A6E6-D200214CF466}.Debug|Win32.ActiveCfg = Debug|Win32
		{B2D2C6AD-B4B3-43A5-A6E6-D200214CF466}.Debug|Win32.Build.0 = Debug|Win32
		{B2D2C6AD-B4B3-43A5-A6E6-D200214CF466}.Debug|x64.ActiveCfg = Debug|x64
		{B2D2C6AD-B4B3-43A5-A6E6-D200214CF466}.Debug|x64.Build.0 = Debug|x64
		{B2D2C6AD-B4B3-43A5-A6E6-D200214CF466}.Release|Win32.ActiveCfg = Release|Win32
		{B2D2C6AD-B4B3-43A5-A6E6-D200214CF466}.Release|Win32.Build.0 = Release|Win32
		{B2D2C6AD-B4B3-43A5-A6E6-D200214CF466}.Release|x64.ActiveCfg = Release|x64
		{B2D2C6AD-B4B3-43A5-A6E6-D200214CF466}.Release|x64.Build.0 = Release|x64
		{91578CB5-72F9-403E-BFE1-088C87090FC4}.Debug|Win32.ActiveCfg = Debug|Win32
		{91578CB5-72F9-403E-BFE1-088C87090FC4}.Debug|Win32.Build.0 = Debug|Win32
		{91578CB5-72F9-403E-BFE1-088C87090FC4}.Debug|x64.ActiveCfg = Debug|x64
		{91578CB5-72F9-403E-BFE1-088C87090FC4}.Debug|x64.Build.0 = Debug|x64
		{91578CB5-72F9-403E-BFE1-088C87090FC4}.Release|Win32.ActiveCfg = Release|Win32
		{91578CB5-72F9-403E-BFE1-088C87090FC4}.Release|Win32.Build.0 = Release|Win32
		{91578CB5-72F9-403E-BFE1-088C87090FC4}.Release|x64.ActiveCfg = Release|x64
		{91578CB5-72F9-403E-BFE1-088C87090FC4}.Release|x64.Build.0 = Release|x64
		{698D1F62-64D7-4783-ABCE-365FF41C15AD}.Debug|Win32.ActiveCfg = Debug|Win32
		{698D1F62-64D7-4783-ABCE-365FF41C15AD}.Debug|Win32.Build.0 = Debug|Win32
		{698D1F62-64D7-4783-ABCE-365FF41C15AD}.Debug|x64.ActiveCfg = Debug|x64
		{698D1F62-64D7-4783-ABCE-365FF41C15AD}.Debug|x64.Build.0 = Debug|x64
		{698D1F62-64D7-4783-ABCE-365FF41C15AD}.Release|Win32.ActiveCfg = Release|Win32
		{698D1F62-64D7-4783-ABCE-365FF41C15AD}.Release|Win32.Build.0 = Release|Win32
		{698D1F62-64D7-4783-ABCE-365FF41C15AD}.Release|x64.ActiveCfg = Release|x64
		{698D1F62-64D7-4783-ABCE-365FF41C15AD}.Release|x64.Build.0 = Release|x64
		{BDEB8E3F-95F0-49EE-A507-10A6554DD975}.Debug|Win32.ActiveCfg = Debug|Win32
		{BDEB8E3F-95F0-49EE-A507-10A6554DD975}.Debug|Win32.Build.0 = Debug|Win32
		{BDEB8E3F-95F0-49EE-A507-10A6554DD975}.Debug|x64.ActiveCfg = Debug|x64
		{BDEB8E3F-95F0-49EE-A507-10A6554DD975}.Debug|x64.Build.0 = Debug|x64
		{BDEB8E3F-95F0-49EE-A507-10A6554DD975}.Release|Win32.ActiveCfg = Release|Win32
		{BDEB8E3F-95F0-49EE-A507-10A6554DD975}.Release|Win32.Build.0 = Release|Win32
		{BDEB8E3F-95F0-49EE-A507-10A6554DD975}.Release|x64.ActiveCfg = Release|x64
		{BDEB8E3F-95F0-49EE-A507-10A6554DD975}.Release|x64.Build.0 = Release|x64
		{185FF715-C691-49B9-B83F-D54649575FD2}.Debug|Win32.ActiveCfg = Debug|Win32
		{185FF715-C691-49B9-B83F-D54649575FD2}.Debug|Win32.Build.0 = Debug|Win32
		{185FF715-C691-49B9-B83F-D54649575FD2}.Debug|x64.ActiveCfg = Debug|x64
		{185FF715-C691-49B9-B83F-D54649575FD2}.Debug|x64.Build.0 = Debug|x64
		{185FF715-C691-49B9-B83F-D54649575FD2}.Release|Win32.ActiveCfg = Release|Win32
		{185FF715-C691-49B9-B83F-D54649575FD2}.Release|Win32.Build.0 = Release|Win32
		{185FF715-C691-49B9-B83F-D54649575FD2}.Release|x64.ActiveCfg = Release|x64
		{185FF715-C691-49B9-B83F-D54649575FD2}.Release|x64.Build.0 = Release|x64
		{224167A4-B0E1-4C5B-9CD2-601F682299D2}.Debug|Win32.ActiveCfg = Debug|Win32
		{224167A4-B0E1-4C5B-9CD2-601F682299D2}.Debug|Win32.Build.0 = Debug|Win32
		{224167A4-B0E1-4C5B-9CD2-601F682299D2}.Debug|x64.ActiveCfg = Debug|x64
		{224167A4-B0E1-4C5B-9CD2-601F682299D2}.Debug|x64.Build.0 = Debug|x64
		{224167A4-B0E1-4C5B-9CD2-601F682299D2}.Release|Win32.ActiveCfg = Release|Win32
		{224167A4-B0E1-4C5B-9CD2-601F682299D2}.Release|Win32.Build.0 = Release|Win32
		{224167A4-B0E1-4C5B-9CD2-601F682299D2}.Release|x64.ActiveCfg = Release|x64
		{224167A4-B0E1-4C5B-9CD2-601F682299D2}.Release|x64.Build.0 = Release|x64
		{BA564E92-4FAE-4980-AA42-F27B0EFBD1BB}.Debug|Win32.ActiveCfg = Debug|Win32
		{BA564E92-4FAE-4980-AA42-F27B0EFBD1BB}.Debug|Win32.Build.0 = Debug|Win32
		{BA564E92-4FAE-4980-AA42-F27B0EFBD1BB}.Debug|x64.ActiveCfg = Debug|x64
		{BA564E92-4FAE-4980-AA42-F27B0EFBD1BB}.Debug|x64.Build.0 = Debug|x64
		{BA564E92-4FAE-4980-AA42-F27B0EFBD1BB}.Release|Win32.ActiveCfg = Release|Win32
		{BA564E92-4FAE-4980-AA42-F27B0EFBD1BB}.Release|Win32.Build.0 = Release|Win32
		{BA564E92-4FAE-4980-AA42-F27B0EFBD1BB}.Release|x64.ActiveCfg = Release|x64
		{BA564E92-4FAE-4980-AA42-F27B0EFBD1BB}.Release|x64.Build.0 = Release|x64
		{CA03A5A2-B878-43FC-B1BA-A9ECD07602E5}.Debug|Win32.ActiveCfg = Debug|Win32
		{CA03A5A2-B878-43FC-B1BA-A9ECD07602E5}.Debug|Win32.Build.0 = Debug|Win32
		{CA03A5A2-B878-43FC-B1BA-A9ECD07602E5}.Debug|x64.ActiveCfg = Debug|x64
		{CA03A5A2-B878-43FC-B1BA-A9ECD07602E5}.Debug|x64.Build.0 = Debug|x64
		{CA03A5A2-B878-43FC-B1BA-A9ECD07602E5}.Release|Win32.ActiveCfg = Release|Win32
		{CA03A5A2-B878-43FC-B1BA-A9ECD07602E5}.Release|Win32.Build.0 = Release|Win32
		{CA03A5A2-B878-43FC-B1BA-A9ECD07602E5}.Release|x64.ActiveCfg = Release|x64
		{CA03A5A2-B878-43FC-B1BA-A9ECD07602E5}.Release|x64.Build.0 = Release|x64
		{3C942903-D4E0-427C-B4B3-AF42D322B9B2}.Debug|Win32.ActiveCfg = Debug|Win32
		{3C942903-D4E0-427C-B4B3-AF42D322B9B2}.Debug|Win32.Build.0 = Debug|Win32
		{3C942903-D4E0-427C-B4B3-AF42D322B9B2}.Debug|x64.ActiveCfg = Debug|x64
		{3C942903-D4E0-427C-B4B3-AF42D322B9B2}.Debug|x64.Build.0 = Debug|x64
		{3C942903-D4E0-427C-B4B3-AF42D322B9B2}.Release|Win32.ActiveCfg = Release|Win32
		{3C942903-D4E0-427C-B4B3-AF42D322B9B2}.Release|Win32.Build.0 = Release|Win32
		{3C942903-D4E0-427C-B4B3-AF42D322B9B2}.Release|x64.ActiveCfg = Release|x64
		{3C942903-D4E0-427C-B4B3-AF42D322B9B2}.Release|x64.Build.0 = Release|x64
		{8B05EED0-F09F-46EF-9B91-F2AFFC9882BB}.Debug|Win32.ActiveCfg = Debug|Win32
		{8B05EED0-F09F-46EF-9B91-F2AFFC9882BB}.Debug|Win32.Build.0 = Debug|Win32
		{8B05EED0-F09F-46EF-9B91-F2AFFC9882BB}.Debug|x64.ActiveCfg = Debug|x64
		{8B05EED0-F09F-46EF-9B91-F2AFFC9882BB}.Debug|x64.Build.0 = Debug|x64
		{8B05EED0-F09F-46EF-9B91-F2AFFC9882BB}.Release|Win32.ActiveCfg = Release|Win32
		{8B05EED0-F09F-46EF-9B91-F2AFFC9882BB}.Release|Win32.Build.0 = Release|Win32
		{8B05EED0-F09F-46EF-9B91-F2AFFC9882BB}.Release|x64.ActiveCfg = Release|x64
		{8B05EED0-F09F-46EF-9B91-F2AFFC9882BB}.Release|x64.Build.0 = Release|x64
		{333812E0-7B4C-4F4E-8D7A-F8939804B746}.Debug|Win32.ActiveCfg = Debug|Win32
		{333812E0-7B4C-4F4E-8D7A-F8939804B746}.Debug|Win32.Build.0 = Debug|Win32
		{333812E0-7B4C-4F4E-8D7A-F8939804B746}.Debug|x64.ActiveCfg = Debug|x64
		{333812E0-7B4C-4F4E-8D7A-F8939804B746}.Debug|x64.Build.0 = Debug|x64
		{333812E0-7B4C-4F4E-8D7A-F8939804B746}.Release|Win32.ActiveCfg = Release|Win32
		{333812E0-7B4C-4F4E-8D7A-F8939804B746}.Release|Win32.Build.0 = Release|Win32
		{333812E0-7B4C-4F4E-8D7A-F8939804B746}.Release|x64.ActiveCfg = Release|x64
		{333812E0-7B4C-4F4E-8D7A-F8939804B746}.Release|x64.Build.0 = Release|x64
		{E681DEF8-DB9B-4C46-B658-8A7C3FC62AA2}.Debug|Win32.ActiveCfg = Debug|Win32
		{E681DEF8-DB9B-4C46-B658-8A7C3FC62AA2}.Debug|Win32.Build.0 = Debug|Win32
		{E681DEF8-DB9B-4C46-B658-8A7C3FC62AA2}.Debug|x64.ActiveCfg = Debug|x64
		{E681DEF8-DB9B-4C46-B658-8A7C3FC62AA2}.Release|Win32.ActiveCfg = Release|Win32
		{E681DEF8-DB9B-4C46-B658-8A7C3FC62AA2}.Release|Win32.Build.0 = Release|Win32
		{E681DEF8-DB9B-4C46-B658-8A7C3FC62AA2}.Release|x64.ActiveCfg = Release|x64
		{F9D08AE3-B629-4E9C-B86E-337DF04CD42F}.Debug|Win32.ActiveCfg = Debug|Win32
		{F9D08AE3-B629-4E9C-B86E-337DF04CD42F}.Debug|Win32.Build.0 = Debug|Win32
		{F9D08AE3-B629-4E9C-B86E-337DF04CD42F}.Debug|x64.ActiveCfg = Debug|x64
		{F9D08AE3-B629-4E9C-B86E-337DF04CD42F}.Release|Win32.ActiveCfg = Release|Win32
		{F9D08AE3-B629-4E9C-B86E-337DF04CD42F}.Release|Win32.Build.0 = Release|Win32
		{F9D08AE3-B629-4E9C-B86E-337DF04CD42F}.Release|x64.ActiveCfg = Release|x64
		{8456CB77-72B0-454A-B20A-180759EBCE5E}.Debug|Win32.ActiveCfg = Debug|Win32
		{8456CB77-72B0-454A-B20A-180759EBCE5E}.Debug|Win32.Build.0 = Debug|Win32
		{8456CB77-72B0-454A-B20A-180759EBCE5E}.Debug|x64.ActiveCfg = Debug|x64
		{8456CB77-72B0-454A-B20A-180759EBCE5E}.Debug|x64.Build.0 = Debug|x64
		{8456CB77-72B0-454A-B20A-180759EBCE5E}.Release|Win32.ActiveCfg = Release|Win32
		{8456CB77-72B0-454A-B20A-180759EBCE5E}.Release|Win32.Build.0 = Release|Win32
		{8456CB77-72B0-454A-B20A-180759EBCE5E}.Release|x64.ActiveCfg = Release|x64
		{8456CB77-72B0-454A-B20A-180759EBCE5E}.Release|x64.Build.0 = Release|x64
		{1436541D-F94D-4458-855E-8A2453A5CC39}.Debug|Win32.ActiveCfg = Debug|Win32
		{1436541D-F94D-4458-855E-8A2453A5CC39}.Debug|Win32.Build.0 = Debug|Win32
		{1436541D-F94D-4458-855E-8A2453A5CC39}.Debug|x64.ActiveCfg = Debug|x64
		{1436541D-F94D-4458-855E-8A2453A5CC39}.Debug|x64.Build.0 = Debug|x64
		{1436541D-F94D-4458-855E-8A2453A5CC39}.Release|Win32.ActiveCfg = Release|Win32
		{1436541D-F94D-4458-855E-8A2453A5CC39}.Release|Win32.Build.0 = Release|Win32
		{1436541D-F94D-4458-855E-8A2453A5CC39}.Release|x64.ActiveCfg = Release|x64
		{1436541D-F94D-4458-855E-8A2453A5CC39}.Release|x64.Build.0 = Release|x64
	EndGlobalSection
	GlobalSection(SolutionProperties) = preSolution
		HideSolutionNode = FALSE
	EndGlobalSection
	GlobalSection(NestedProjects) = preSolution
		{AABD35C3-3F4F-4CCC-AFF9-201605302224} = {F7A2B854-AC96-4EE5-A4BA-FB65424F5163}
		{94FF9C1C-2C36-4BBB-9E99-F59F493889A6} = {1AC02CA7-95AB-46C2-8D2E-23D44554C95A}
		{B2D2C6AD-B4B3-43A5-A6E6-D200214CF466} = {1AC02CA7-95AB-46C2-8D2E-23D44554C95A}
		{91578CB5-72F9-403E-BFE1-088C87090FC4} = {1AC02CA7-95AB-46C2-8D2E-23D44554C95A}
		{698D1F62-64D7-4783-ABCE-365FF41C15AD} = {1AC02CA7-95AB-46C2-8D2E-23D44554C95A}
		{BDEB8E3F-95F0-49EE-A507-10A6554DD975} = {1AC02CA7-95AB-46C2-8D2E-23D44554C95A}
		{224167A4-B0E1-4C5B-9CD2-601F682299D2} = {5C0EEC54-66EC-4512-A876-A225C0A6773D}
		{BA564E92-4FAE-4980-AA42-F27B0EFBD1BB} = {5C0EEC54-66EC-4512-A876-A225C0A6773D}
		{CA03A5A2-B878-43FC-B1BA-A9ECD07602E5} = {5C0EEC54-66EC-4512-A876-A225C0A6773D}
		{3C942903-D4E0-427C-B4B3-AF42D322B9B2} = {856CA41F-F788-4354-8B9A-706BA3A814BB}
		{8B05EED0-F09F-46EF-9B91-F2AFFC9882BB} = {F7A2B854-AC96-4EE5-A4BA-FB65424F5163}
		{333812E0-7B4C-4F4E-8D7A-F8939804B746} = {AF7EFBD7-0FEA-4675-B7B8-0854A4C17135}
		{F9D08AE3-B629-4E9C-B86E-337DF04CD42F} = {AF7EFBD7-0FEA-4675-B7B8-0854A4C17135}
		{8456CB77-72B0-454A-B20A-180759EBCE5E} = {F7A2B854-AC96-4EE5-A4BA-FB65424F5163}
		{1436541D-F94D-4458-855E-8A2453A5CC39} = {856CA41F-F788-4354-8B9A-706BA3A814BB}
	EndGlobalSection
EndGlobal
