<?xml version="1.0" encoding="utf-8"?>
<Project ToolsVersion="4.0" xmlns="http://schemas.microsoft.com/developer/msbuild/2003">
  <ItemGroup>
    <Filter Include="sample3">
      <UniqueIdentifier>{c09dfdc8-a41e-4eee-b7a0-7861d54c1f73}</UniqueIdentifier>
    </Filter>
    <Filter Include="Win32 DLL">
      <UniqueIdentifier>{bb381a13-8720-4654-b7b0-dec6cb6b9db0}</UniqueIdentifier>
    </Filter>
  </ItemGroup>
  <ItemGroup>
    <ClInclude Include="..\stdafx.h">
      <Filter>Win32 DLL</Filter>
    </ClInclude>
    <ClInclude Include="..\targetver.h">
      <Filter>Win32 DLL</Filter>
    </ClInclude>
    <ClInclude Include="..\..\..\third_party\googletest\samples\sample3-inl.h">
      <Filter>sample3</Filter>
    </ClInclude>
  </ItemGroup>
  <ItemGroup>
    <ClCompile Include="..\stdafx.cpp">
      <Filter>Win32 DLL</Filter>
    </ClCompile>
    <ClCompile Include="..\dllmain.cpp">
      <Filter>Win32 DLL</Filter>
    </ClCompile>
    <ClCompile Include="..\..\..\third_party\googletest\samples\sample3_unittest.cc">
      <Filter>sample3</Filter>
    </ClCompile>
  </ItemGroup>
</Project>