<?xml version="1.0" encoding="utf-8"?>
<Project ToolsVersion="4.0" xmlns="http://schemas.microsoft.com/developer/msbuild/2003">
  <ItemGroup>
    <Filter Include="Win32 DLL">
      <UniqueIdentifier>{604222d5-4c25-43af-965d-e4ea939466f1}</UniqueIdentifier>
    </Filter>
    <Filter Include="Win32 DLL\Header Files">
      <UniqueIdentifier>{93995380-89BD-4b04-88EB-625FBE52EBFB}</UniqueIdentifier>
      <Extensions>h;hh;hpp;hxx;hm;inl;inc;xsd</Extensions>
    </Filter>
    <Filter Include="Win32 DLL\Source Files">
      <UniqueIdentifier>{4FC737F1-C7A5-4376-A066-2A32D752A2FF}</UniqueIdentifier>
      <Extensions>cpp;c;cc;cxx;def;odl;idl;hpj;bat;asm;asmx</Extensions>
    </Filter>
    <Filter Include="cppunit style">
      <UniqueIdentifier>{ae5bba98-2b0a-4e3f-9116-39041ccf2529}</UniqueIdentifier>
    </Filter>
  </ItemGroup>
  <ItemGroup>
    <ClInclude Include="stdafx.h">
      <Filter>Win32 DLL\Header Files</Filter>
    </ClInclude>
    <ClInclude Include="targetver.h">
      <Filter>Win32 DLL\Header Files</Filter>
    </ClInclude>
    <ClInclude Include="..\cppunit\ExampleManualEndTest.h">
      <Filter>cppunit style</Filter>
    </ClInclude>
  </ItemGroup>
  <ItemGroup>
    <ClCompile Include="stdafx.cpp">
      <Filter>Win32 DLL\Source Files</Filter>
    </ClCompile>
    <ClCompile Include="dllmain.cpp">
      <Filter>Win32 DLL\Source Files</Filter>
    </ClCompile>
    <ClCompile Include="..\cppunit\ExampleManualEndTest.cpp">
      <Filter>cppunit style</Filter>
    </ClCompile>
  </ItemGroup>
</Project>