<?xml version="1.0" encoding="utf-8"?>
<Project ToolsVersion="4.0" xmlns="http://schemas.microsoft.com/developer/msbuild/2003">
  <ItemGroup>
    <Filter Include="TestConfig">
      <UniqueIdentifier>{71697c16-6452-4970-ab3f-9132569eb4d8}</UniqueIdentifier>
    </Filter>
    <Filter Include="Win32 Console Application">
      <UniqueIdentifier>{fa5a3424-78ba-4318-a469-74fb8a4da739}</UniqueIdentifier>
    </Filter>
  </ItemGroup>
  <ItemGroup>
    <ClInclude Include="..\stdafx.h">
      <Filter>Win32 Console Application</Filter>
    </ClInclude>
    <ClInclude Include="..\targetver.h">
      <Filter>Win32 Console Application</Filter>
    </ClInclude>
    <ClInclude Include="..\TestConfig.h">
      <Filter>TestConfig</Filter>
    </ClInclude>
    <ClInclude Include="..\TestConfigImpl.h">
      <Filter>TestConfig</Filter>
    </ClInclude>
  </ItemGroup>
  <ItemGroup>
    <ClCompile Include="..\stdafx.cpp">
      <Filter>Win32 Console Application</Filter>
    </ClCompile>
    <ClCompile Include="..\main.cpp">
      <Filter>Win32 Console Application</Filter>
    </ClCompile>
    <ClCompile Include="..\TestConfigImpl.cpp">
      <Filter>TestConfig</Filter>
    </ClCompile>
  </ItemGroup>
</Project>