<?xml version="1.0" encoding="utf-8"?>
<Project ToolsVersion="4.0" xmlns="http://schemas.microsoft.com/developer/msbuild/2003">
  <ItemGroup>
    <Filter Include="Win32 DLL">
      <UniqueIdentifier>{26f5bc4f-38ff-4019-825c-d459585773ba}</UniqueIdentifier>
    </Filter>
    <Filter Include="test">
      <UniqueIdentifier>{395f6297-a19e-48c1-913f-f4cb0865de5d}</UniqueIdentifier>
    </Filter>
  </ItemGroup>
  <ItemGroup>
    <ClInclude Include="..\stdafx.h">
      <Filter>Win32 DLL</Filter>
    </ClInclude>
    <ClInclude Include="..\targetver.h">
      <Filter>Win32 DLL</Filter>
    </ClInclude>
    <ClInclude Include="..\mock-turtle.h">
      <Filter>test</Filter>
    </ClInclude>
    <ClInclude Include="..\painter.h">
      <Filter>test</Filter>
    </ClInclude>
    <ClInclude Include="..\turtle.h">
      <Filter>test</Filter>
    </ClInclude>
  </ItemGroup>
  <ItemGroup>
    <ClCompile Include="..\dllmain.cpp">
      <Filter>Win32 DLL</Filter>
    </ClCompile>
    <ClCompile Include="..\stdafx.cpp">
      <Filter>Win32 DLL</Filter>
    </ClCompile>
    <ClCompile Include="..\painter.cc">
      <Filter>test</Filter>
    </ClCompile>
    <ClCompile Include="..\painter_test.cc">
      <Filter>test</Filter>
    </ClCompile>
    <ClCompile Include="..\turtle_test.cc">
      <Filter>test</Filter>
    </ClCompile>
  </ItemGroup>
</Project>