<?xml version="1.0" encoding="utf-8"?>
<Project ToolsVersion="4.0" xmlns="http://schemas.microsoft.com/developer/msbuild/2003">
  <ItemGroup>
    <Filter Include="sample3">
      <UniqueIdentifier>{3c1af46c-6a28-400a-9c2c-ecbdf3cff2c5}</UniqueIdentifier>
    </Filter>
    <Filter Include="Win32 DLL">
      <UniqueIdentifier>{2f55c1ec-3922-4dc2-8532-4b2b0c188bb0}</UniqueIdentifier>
    </Filter>
  </ItemGroup>
  <ItemGroup>
    <ClInclude Include="..\..\..\third_party\googletest\samples\sample3-inl.h">
      <Filter>sample3</Filter>
    </ClInclude>
    <ClInclude Include="..\stdafx.h">
      <Filter>Win32 DLL</Filter>
    </ClInclude>
    <ClInclude Include="..\targetver.h">
      <Filter>Win32 DLL</Filter>
    </ClInclude>
  </ItemGroup>
  <ItemGroup>
    <ClCompile Include="..\..\..\third_party\googletest\samples\sample3_unittest.cc">
      <Filter>sample3</Filter>
    </ClCompile>
    <ClCompile Include="..\stdafx.cpp">
      <Filter>Win32 DLL</Filter>
    </ClCompile>
    <ClCompile Include="..\dllmain.cpp">
      <Filter>Win32 DLL</Filter>
    </ClCompile>
  </ItemGroup>
</Project>