<?xml version="1.0" encoding="utf-8"?>
<Project ToolsVersion="4.0" xmlns="http://schemas.microsoft.com/developer/msbuild/2003">
  <ItemGroup>
    <Filter Include="sample4">
      <UniqueIdentifier>{23aaffd2-e0b0-40d7-a1ac-209f996c63ca}</UniqueIdentifier>
    </Filter>
    <Filter Include="Win32 DLL">
      <UniqueIdentifier>{169924c8-dec1-4c5b-a925-6b75fb547c1e}</UniqueIdentifier>
    </Filter>
  </ItemGroup>
  <ItemGroup>
    <ClInclude Include="..\..\..\third_party\googletest\samples\sample4.h">
      <Filter>sample4</Filter>
    </ClInclude>
    <ClInclude Include="..\targetver.h">
      <Filter>Win32 DLL</Filter>
    </ClInclude>
    <ClInclude Include="..\stdafx.h">
      <Filter>Win32 DLL</Filter>
    </ClInclude>
  </ItemGroup>
  <ItemGroup>
    <ClCompile Include="..\..\..\third_party\googletest\samples\sample4.cc">
      <Filter>sample4</Filter>
    </ClCompile>
    <ClCompile Include="..\..\..\third_party\googletest\samples\sample4_unittest.cc">
      <Filter>sample4</Filter>
    </ClCompile>
    <ClCompile Include="..\stdafx.cpp">
      <Filter>Win32 DLL</Filter>
    </ClCompile>
    <ClCompile Include="..\dllmain.cpp">
      <Filter>Win32 DLL</Filter>
    </ClCompile>
  </ItemGroup>
</Project>