<?xml version="1.0" encoding="utf-8"?>
<Project ToolsVersion="4.0" xmlns="http://schemas.microsoft.com/developer/msbuild/2003">
  <ItemGroup>
    <Filter Include="CppUnit Cookbook">
      <UniqueIdentifier>{194afea3-3ee5-42b8-982a-2f14e999f745}</UniqueIdentifier>
    </Filter>
    <Filter Include="examples">
      <UniqueIdentifier>{0f05d000-2703-4c67-b0e3-ffb451f99242}</UniqueIdentifier>
    </Filter>
    <Filter Include="examples\cppunittest">
      <UniqueIdentifier>{3724a63f-ff65-49e6-88b8-7ffc87387953}</UniqueIdentifier>
    </Filter>
    <Filter Include="examples\cppunittest\util">
      <UniqueIdentifier>{387bc83d-3df5-4312-aeee-102276fbaf40}</UniqueIdentifier>
    </Filter>
    <Filter Include="examples\cppunittest\core">
      <UniqueIdentifier>{15ac099e-4406-4876-bc57-7fd0966b8d15}</UniqueIdentifier>
    </Filter>
    <Filter Include="examples\cppunittest\core\assertion_traits">
      <UniqueIdentifier>{136a3f64-e549-47bd-80cb-b2298138c509}</UniqueIdentifier>
    </Filter>
    <Filter Include="examples\cppunittest\core\Exception">
      <UniqueIdentifier>{6fbf2163-508c-4043-af98-71d53a635064}</UniqueIdentifier>
    </Filter>
    <Filter Include="examples\cppunittest\core\Message">
      <UniqueIdentifier>{d011fecd-fb95-4706-899a-e4612ed72044}</UniqueIdentifier>
    </Filter>
    <Filter Include="examples\cppunittest\core\TestAssert">
      <UniqueIdentifier>{c7a9add1-6767-495f-980a-2c60d72e555e}</UniqueIdentifier>
    </Filter>
    <Filter Include="examples\cppunittest\core\TestCase">
      <UniqueIdentifier>{c8ba2a94-649d-4fae-a691-1bbb747f085c}</UniqueIdentifier>
    </Filter>
    <Filter Include="examples\cppunittest\core\TestFailure">
      <UniqueIdentifier>{fe8a5941-6af5-4a9f-b1e1-27e285e0188a}</UniqueIdentifier>
    </Filter>
    <Filter Include="examples\cppunittest\core\TestPath">
      <UniqueIdentifier>{df02c754-5737-4fc4-97fc-698ea2828697}</UniqueIdentifier>
    </Filter>
    <Filter Include="examples\cppunittest\core\TestResultCollector">
      <UniqueIdentifier>{a08ecd0f-1d22-4dc9-aa71-a4c8ccc16eed}</UniqueIdentifier>
    </Filter>
    <Filter Include="examples\cppunittest\core\TestResult">
      <UniqueIdentifier>{b5abe29a-c94e-44e9-a028-fae4b2d7baf4}</UniqueIdentifier>
    </Filter>
    <Filter Include="examples\cppunittest\core\TestSuite">
      <UniqueIdentifier>{a528abc2-da7a-4e48-8fb7-408d1270b1c5}</UniqueIdentifier>
    </Filter>
    <Filter Include="examples\cppunittest\core\Test">
      <UniqueIdentifier>{2d358436-5e00-4e1f-abf2-bf33f4b3fff6}</UniqueIdentifier>
    </Filter>
    <Filter Include="Win32 DLL">
      <UniqueIdentifier>{a28b1aae-5754-43fc-b1c7-c573a4e499de}</UniqueIdentifier>
    </Filter>
    <Filter Include="Win32 DLL\Header Files">
      <UniqueIdentifier>{93995380-89BD-4b04-88EB-625FBE52EBFB}</UniqueIdentifier>
      <Extensions>h;hpp;hxx;hm;inl;inc;xsd</Extensions>
    </Filter>
    <Filter Include="Win32 DLL\Resource Files">
      <UniqueIdentifier>{67DA6AB6-F800-4c08-8B7A-83BB121AAD01}</UniqueIdentifier>
      <Extensions>rc;ico;cur;bmp;dlg;rc2;rct;bin;rgs;gif;jpg;jpeg;jpe;resx;tiff;tif;png;wav;mfcribbon-ms</Extensions>
    </Filter>
    <Filter Include="Win32 DLL\Source Files">
      <UniqueIdentifier>{4FC737F1-C7A5-4376-A066-2A32D752A2FF}</UniqueIdentifier>
      <Extensions>cpp;c;cc;cxx;def;odl;idl;hpj;bat;asm;asmx</Extensions>
    </Filter>
  </ItemGroup>
  <ItemGroup>
    <ClInclude Include="stdafx.h">
      <Filter>Win32 DLL\Header Files</Filter>
    </ClInclude>
    <ClInclude Include="targetver.h">
      <Filter>Win32 DLL\Header Files</Filter>
    </ClInclude>
    <ClInclude Include="..\..\..\third_party\cppunit\examples\cppunittest\BaseTestCase.h">
      <Filter>examples\cppunittest\util</Filter>
    </ClInclude>
    <ClInclude Include="..\..\..\third_party\cppunit\examples\cppunittest\MockTestCase.h">
      <Filter>examples\cppunittest\util</Filter>
    </ClInclude>
    <ClInclude Include="..\..\..\third_party\cppunit\examples\cppunittest\MockTestListener.h">
      <Filter>examples\cppunittest\util</Filter>
    </ClInclude>
    <ClInclude Include="..\..\..\third_party\cppunit\examples\cppunittest\CoreSuite.h">
      <Filter>examples\cppunittest\core</Filter>
    </ClInclude>
    <ClInclude Include="..\..\..\third_party\cppunit\examples\cppunittest\assertion_traitsTest.h">
      <Filter>examples\cppunittest\core\assertion_traits</Filter>
    </ClInclude>
    <ClInclude Include="..\..\..\third_party\cppunit\examples\cppunittest\ExceptionTest.h">
      <Filter>examples\cppunittest\core\Exception</Filter>
    </ClInclude>
    <ClInclude Include="..\..\..\third_party\cppunit\examples\cppunittest\MessageTest.h">
      <Filter>examples\cppunittest\core\Message</Filter>
    </ClInclude>
    <ClInclude Include="..\..\..\third_party\cppunit\examples\cppunittest\TestAssertTest.h">
      <Filter>examples\cppunittest\core\TestAssert</Filter>
    </ClInclude>
    <ClInclude Include="..\..\..\third_party\cppunit\examples\cppunittest\TestFailureTest.h">
      <Filter>examples\cppunittest\core\TestFailure</Filter>
    </ClInclude>
    <ClInclude Include="..\..\..\third_party\cppunit\examples\cppunittest\TestResultCollectorTest.h">
      <Filter>examples\cppunittest\core\TestResultCollector</Filter>
    </ClInclude>
    <ClInclude Include="..\..\..\third_party\cppunit\examples\cppunittest\TestResultTest.h">
      <Filter>examples\cppunittest\core\TestResult</Filter>
    </ClInclude>
    <ClInclude Include="..\..\..\sample_test\cppunit\mobile_test.h">
      <Filter>CppUnit Cookbook</Filter>
    </ClInclude>
  </ItemGroup>
  <ItemGroup>
    <ClCompile Include="stdafx.cpp">
      <Filter>Win32 DLL\Source Files</Filter>
    </ClCompile>
    <ClCompile Include="dllmain.cpp">
      <Filter>Win32 DLL\Source Files</Filter>
    </ClCompile>
    <ClCompile Include="..\..\..\third_party\cppunit\examples\cppunittest\BaseTestCase.cpp">
      <Filter>examples\cppunittest\util</Filter>
    </ClCompile>
    <ClCompile Include="..\..\..\third_party\cppunit\examples\cppunittest\CppUnitTestSuite.cpp">
      <Filter>examples\cppunittest\util</Filter>
    </ClCompile>
    <ClCompile Include="..\..\..\third_party\cppunit\examples\cppunittest\MockTestCase.cpp">
      <Filter>examples\cppunittest\util</Filter>
    </ClCompile>
    <ClCompile Include="..\..\..\third_party\cppunit\examples\cppunittest\MockTestListener.cpp">
      <Filter>examples\cppunittest\util</Filter>
    </ClCompile>
    <ClCompile Include="..\..\..\third_party\cppunit\examples\cppunittest\assertion_traitsTest.cpp">
      <Filter>examples\cppunittest\core\assertion_traits</Filter>
    </ClCompile>
    <ClCompile Include="..\..\..\third_party\cppunit\examples\cppunittest\ExceptionTest.cpp">
      <Filter>examples\cppunittest\core\Exception</Filter>
    </ClCompile>
    <ClCompile Include="..\..\..\third_party\cppunit\examples\cppunittest\MessageTest.cpp">
      <Filter>examples\cppunittest\core\Message</Filter>
    </ClCompile>
    <ClCompile Include="..\..\..\third_party\cppunit\examples\cppunittest\TestAssertTest.cpp">
      <Filter>examples\cppunittest\core\TestAssert</Filter>
    </ClCompile>
    <ClCompile Include="..\..\..\third_party\cppunit\examples\cppunittest\TestFailureTest.cpp">
      <Filter>examples\cppunittest\core\TestFailure</Filter>
    </ClCompile>
    <ClCompile Include="..\..\..\third_party\cppunit\examples\cppunittest\TestResultCollectorTest.cpp">
      <Filter>examples\cppunittest\core\TestResultCollector</Filter>
    </ClCompile>
    <ClCompile Include="..\..\..\third_party\cppunit\examples\cppunittest\TestResultTest.cpp">
      <Filter>examples\cppunittest\core\TestResult</Filter>
    </ClCompile>
    <ClCompile Include="..\..\..\sample_test\cppunit\mobile_test.cpp">
      <Filter>CppUnit Cookbook</Filter>
    </ClCompile>
  </ItemGroup>
</Project>