<?xml version="1.0" encoding="utf-8"?>
<Project ToolsVersion="4.0" xmlns="http://schemas.microsoft.com/developer/msbuild/2003">
  <ItemGroup>
    <Filter Include="Win32 DLL">
      <UniqueIdentifier>{14c8b3b9-947d-4bc3-aaff-08c197b16094}</UniqueIdentifier>
    </Filter>
    <Filter Include="hierarchy">
      <UniqueIdentifier>{6487808e-ea16-485f-8915-d3ce5653ccc8}</UniqueIdentifier>
    </Filter>
  </ItemGroup>
  <ItemGroup>
    <ClInclude Include="..\..\..\third_party\cppunit\examples\hierarchy\BoardGame.h">
      <Filter>hierarchy</Filter>
    </ClInclude>
    <ClInclude Include="..\..\..\third_party\cppunit\examples\hierarchy\BoardGameTest.h">
      <Filter>hierarchy</Filter>
    </ClInclude>
    <ClInclude Include="..\..\..\third_party\cppunit\examples\hierarchy\Chess.h">
      <Filter>hierarchy</Filter>
    </ClInclude>
    <ClInclude Include="..\..\..\third_party\cppunit\examples\hierarchy\ChessTest.h">
      <Filter>hierarchy</Filter>
    </ClInclude>
    <ClInclude Include="..\stdafx.h">
      <Filter>Win32 DLL</Filter>
    </ClInclude>
    <ClInclude Include="..\targetver.h">
      <Filter>Win32 DLL</Filter>
    </ClInclude>
  </ItemGroup>
  <ItemGroup>
    <ClCompile Include="..\..\..\third_party\cppunit\examples\hierarchy\BoardGame.cpp">
      <Filter>hierarchy</Filter>
    </ClCompile>
    <ClCompile Include="..\..\..\third_party\cppunit\examples\hierarchy\Chess.cpp">
      <Filter>hierarchy</Filter>
    </ClCompile>
    <ClCompile Include="..\..\..\third_party\cppunit\examples\hierarchy\hierarchy.cpp">
      <Filter>hierarchy</Filter>
    </ClCompile>
    <ClCompile Include="..\dllmain.cpp">
      <Filter>Win32 DLL</Filter>
    </ClCompile>
    <ClCompile Include="..\stdafx.cpp">
      <Filter>Win32 DLL</Filter>
    </ClCompile>
  </ItemGroup>
</Project>