<?xml version="1.0" encoding="utf-8"?>
<Project ToolsVersion="4.0" xmlns="http://schemas.microsoft.com/developer/msbuild/2003">
  <ItemGroup>
    <Filter Include="Win32 DLL">
      <UniqueIdentifier>{6e037702-b35d-4fdb-b035-06ae03575a76}</UniqueIdentifier>
    </Filter>    
    <Filter Include="simple">
      <UniqueIdentifier>{a90ffc52-dd6f-4b02-9a0a-5f1589047699}</UniqueIdentifier>
    </Filter>
  </ItemGroup>
  <ItemGroup>
    <ClInclude Include="..\stdafx.h">
      <Filter>Win32 DLL\Header Files</Filter>
    </ClInclude>
    <ClInclude Include="..\targetver.h">
      <Filter>Win32 DLL</Filter>
    </ClInclude>
    <ClInclude Include="..\..\..\third_party\cppunit\examples\simple\ExampleTestCase.h">
      <Filter>simple</Filter>
    </ClInclude>
  </ItemGroup>
  <ItemGroup>
    <ClCompile Include="..\stdafx.cpp">
      <Filter>Win32 DLL</Filter>
    </ClCompile>
    <ClCompile Include="..\dllmain.cpp">
      <Filter>Win32 DLL</Filter>
    </ClCompile>
    <ClCompile Include="..\..\..\third_party\cppunit\examples\simple\ExampleTestCase.cpp">
      <Filter>simple</Filter>
    </ClCompile>
  </ItemGroup>
</Project>